
Microsoft Visual Studio Solution File, Format Version 12.00
# Visual Studio Version 17
VisualStudioVersion = 17.4.33213.308
MinimumVisualStudioVersion = 10.0.40219.1
Project("{FAE04EC0-301F-11D3-BF4B-00C04F79EFBC}") = "NewsSiteTurnDigital.WEB", "NewsSiteTurnDigital\NewsSiteTurnDigital.WEB.csproj", "{BBACA54A-3019-4626-8BF2-51AAB5FB1F16}"
EndProject
Project("{FAE04EC0-301F-11D3-BF4B-00C04F79EFBC}") = "NewsSiteTurnDigital.Domain", "Domain\NewsSiteTurnDigital.Domain.csproj", "{1CFC6D72-0AC8-4C27-9E74-93BBC12852D8}"
EndProject
Project("{FAE04EC0-301F-11D3-BF4B-00C04F79EFBC}") = "NewsSiteTurnDigital.Infrastructure", "Infrastructure\NewsSiteTurnDigital.Infrastructure.csproj", "{65C8FAC1-CBDD-4645-BFE6-F1B132389A7E}"
EndProject
Global
	GlobalSection(SolutionConfigurationPlatforms) = preSolution
		Debug|Any CPU = Debug|Any CPU
		Release|Any CPU = Release|Any CPU
	EndGlobalSection
	GlobalSection(ProjectConfigurationPlatforms) = postSolution
		{BBACA54A-3019-4626-8BF2-51AAB5FB1F16}.Debug|Any CPU.ActiveCfg = Debug|Any CPU
		{BBACA54A-3019-4626-8BF2-51AAB5FB1F16}.Debug|Any CPU.Build.0 = Debug|Any CPU
		{BBACA54A-3019-4626-8BF2-51AAB5FB1F16}.Release|Any CPU.ActiveCfg = Release|Any CPU
		{BBACA54A-3019-4626-8BF2-51AAB5FB1F16}.Release|Any CPU.Build.0 = Release|Any CPU
		{1CFC6D72-0AC8-4C27-9E74-93BBC12852D8}.Debug|Any CPU.ActiveCfg = Debug|Any CPU
		{1CFC6D72-0AC8-4C27-9E74-93BBC12852D8}.Debug|Any CPU.Build.0 = Debug|Any CPU
		{1CFC6D72-0AC8-4C27-9E74-93BBC12852D8}.Release|Any CPU.ActiveCfg = Release|Any CPU
		{1CFC6D72-0AC8-4C27-9E74-93BBC12852D8}.Release|Any CPU.Build.0 = Release|Any CPU
		{65C8FAC1-CBDD-4645-BFE6-F1B132389A7E}.Debug|Any CPU.ActiveCfg = Debug|Any CPU
		{65C8FAC1-CBDD-4645-BFE6-F1B132389A7E}.Debug|Any CPU.Build.0 = Debug|Any CPU
		{65C8FAC1-CBDD-4645-BFE6-F1B132389A7E}.Release|Any CPU.ActiveCfg = Release|Any CPU
		{65C8FAC1-CBDD-4645-BFE6-F1B132389A7E}.Release|Any CPU.Build.0 = Release|Any CPU
	EndGlobalSection
	GlobalSection(SolutionProperties) = preSolution
		HideSolutionNode = FALSE
	EndGlobalSection
	GlobalSection(ExtensibilityGlobals) = postSolution
		SolutionGuid = {94D22B9D-8FB2-4701-8FAC-684049927962}
	EndGlobalSection
EndGlobal
